
Microsoft Visual Studio Solution File, Format Version 12.00
# Visual Studio 2012
Project("{8BC9CEB8-8B4A-11D0-8D11-00A0C91BC942}") = "WRLCompV1", "WRLCompV1\WRLCompV1.vcxproj", "{0D585932-FBC4-4B0A-90B5-CCF34AEFD4C6}"
EndProject
Project("{8BC9CEB8-8B4A-11D0-8D11-00A0C91BC942}") = "UnitTestWRLCompCpp", "UnitTestWRLCompCpp\UnitTestWRLCompCpp.vcxproj", "{90C57166-F9CF-4FE3-8E16-079350BF4836}"
EndProject
Project("{8BC9CEB8-8B4A-11D0-8D11-00A0C91BC942}") = "TestWRLCompAppCpp", "TestWRLCompAppCpp\TestWRLCompAppCpp.vcxproj", "{837E4B77-217A-41CE-BE97-67A7D24E95CA}"
EndProject
Project("{8BC9CEB8-8B4A-11D0-8D11-00A0C91BC942}") = "WinRTCompWRLItf", "WinRTCompWRLItf\WinRTCompWRLItf.vcxproj", "{A0B8D01C-B0CA-47D1-A94F-DE3617CB5BC6}"
EndProject
Project("{FAE04EC0-301F-11D3-BF4B-00C04F79EFBC}") = "WinRTCompCsharpWRLItf", "WinRTCompCsharpWRLItf\WinRTCompCsharpWRLItf.csproj", "{B6156FCB-0E77-4B7F-A2D4-F343161A0D8E}"
EndProject
Global
	GlobalSection(SolutionConfigurationPlatforms) = preSolution
		Debug|Any CPU = Debug|Any CPU
		Debug|ARM = Debug|ARM
		Debug|Mixed Platforms = Debug|Mixed Platforms
		Debug|Win32 = Debug|Win32
		Debug|x64 = Debug|x64
		Debug|x86 = Debug|x86
		Release|Any CPU = Release|Any CPU
		Release|ARM = Release|ARM
		Release|Mixed Platforms = Release|Mixed Platforms
		Release|Win32 = Release|Win32
		Release|x64 = Release|x64
		Release|x86 = Release|x86
	EndGlobalSection
	GlobalSection(ProjectConfigurationPlatforms) = postSolution
		{0D585932-FBC4-4B0A-90B5-CCF34AEFD4C6}.Debug|Any CPU.ActiveCfg = Debug|Win32
		{0D585932-FBC4-4B0A-90B5-CCF34AEFD4C6}.Debug|ARM.ActiveCfg = Debug|ARM
		{0D585932-FBC4-4B0A-90B5-CCF34AEFD4C6}.Debug|ARM.Build.0 = Debug|ARM
		{0D585932-FBC4-4B0A-90B5-CCF34AEFD4C6}.Debug|Mixed Platforms.ActiveCfg = Debug|Win32
		{0D585932-FBC4-4B0A-90B5-CCF34AEFD4C6}.Debug|Mixed Platforms.Build.0 = Debug|Win32
		{0D585932-FBC4-4B0A-90B5-CCF34AEFD4C6}.Debug|Win32.ActiveCfg = Debug|Win32
		{0D585932-FBC4-4B0A-90B5-CCF34AEFD4C6}.Debug|Win32.Build.0 = Debug|Win32
		{0D585932-FBC4-4B0A-90B5-CCF34AEFD4C6}.Debug|x64.ActiveCfg = Debug|x64
		{0D585932-FBC4-4B0A-90B5-CCF34AEFD4C6}.Debug|x64.Build.0 = Debug|x64
		{0D585932-FBC4-4B0A-90B5-CCF34AEFD4C6}.Debug|x86.ActiveCfg = Debug|Win32
		{0D585932-FBC4-4B0A-90B5-CCF34AEFD4C6}.Debug|x86.Build.0 = Debug|Win32
		{0D585932-FBC4-4B0A-90B5-CCF34AEFD4C6}.Release|Any CPU.ActiveCfg = Release|Win32
		{0D585932-FBC4-4B0A-90B5-CCF34AEFD4C6}.Release|ARM.ActiveCfg = Release|ARM
		{0D585932-FBC4-4B0A-90B5-CCF34AEFD4C6}.Release|ARM.Build.0 = Release|ARM
		{0D585932-FBC4-4B0A-90B5-CCF34AEFD4C6}.Release|Mixed Platforms.ActiveCfg = Release|Win32
		{0D585932-FBC4-4B0A-90B5-CCF34AEFD4C6}.Release|Mixed Platforms.Build.0 = Release|Win32
		{0D585932-FBC4-4B0A-90B5-CCF34AEFD4C6}.Release|Win32.ActiveCfg = Release|Win32
		{0D585932-FBC4-4B0A-90B5-CCF34AEFD4C6}.Release|Win32.Build.0 = Release|Win32
		{0D585932-FBC4-4B0A-90B5-CCF34AEFD4C6}.Release|x64.ActiveCfg = Release|x64
		{0D585932-FBC4-4B0A-90B5-CCF34AEFD4C6}.Release|x64.Build.0 = Release|x64
		{0D585932-FBC4-4B0A-90B5-CCF34AEFD4C6}.Release|x86.ActiveCfg = Release|Win32
		{0D585932-FBC4-4B0A-90B5-CCF34AEFD4C6}.Release|x86.Build.0 = Release|Win32
		{90C57166-F9CF-4FE3-8E16-079350BF4836}.Debug|Any CPU.ActiveCfg = Debug|Win32
		{90C57166-F9CF-4FE3-8E16-079350BF4836}.Debug|ARM.ActiveCfg = Debug|ARM
		{90C57166-F9CF-4FE3-8E16-079350BF4836}.Debug|ARM.Build.0 = Debug|ARM
		{90C57166-F9CF-4FE3-8E16-079350BF4836}.Debug|ARM.Deploy.0 = Debug|ARM
		{90C57166-F9CF-4FE3-8E16-079350BF4836}.Debug|Mixed Platforms.ActiveCfg = Debug|Win32
		{90C57166-F9CF-4FE3-8E16-079350BF4836}.Debug|Mixed Platforms.Build.0 = Debug|Win32
		{90C57166-F9CF-4FE3-8E16-079350BF4836}.Debug|Mixed Platforms.Deploy.0 = Debug|Win32
		{90C57166-F9CF-4FE3-8E16-079350BF4836}.Debug|Win32.ActiveCfg = Debug|Win32
		{90C57166-F9CF-4FE3-8E16-079350BF4836}.Debug|Win32.Build.0 = Debug|Win32
		{90C57166-F9CF-4FE3-8E16-079350BF4836}.Debug|Win32.Deploy.0 = Debug|Win32
		{90C57166-F9CF-4FE3-8E16-079350BF4836}.Debug|x64.ActiveCfg = Debug|x64
		{90C57166-F9CF-4FE3-8E16-079350BF4836}.Debug|x64.Build.0 = Debug|x64
		{90C57166-F9CF-4FE3-8E16-079350BF4836}.Debug|x64.Deploy.0 = Debug|x64
		{90C57166-F9CF-4FE3-8E16-079350BF4836}.Debug|x86.ActiveCfg = Debug|Win32
		{90C57166-F9CF-4FE3-8E16-079350BF4836}.Debug|x86.Build.0 = Debug|Win32
		{90C57166-F9CF-4FE3-8E16-079350BF4836}.Debug|x86.Deploy.0 = Debug|Win32
		{90C57166-F9CF-4FE3-8E16-079350BF4836}.Release|Any CPU.ActiveCfg = Release|Win32
		{90C57166-F9CF-4FE3-8E16-079350BF4836}.Release|ARM.ActiveCfg = Release|ARM
		{90C57166-F9CF-4FE3-8E16-079350BF4836}.Release|ARM.Build.0 = Release|ARM
		{90C57166-F9CF-4FE3-8E16-079350BF4836}.Release|ARM.Deploy.0 = Release|ARM
		{90C57166-F9CF-4FE3-8E16-079350BF4836}.Release|Mixed Platforms.ActiveCfg = Release|Win32
		{90C57166-F9CF-4FE3-8E16-079350BF4836}.Release|Mixed Platforms.Build.0 = Release|Win32
		{90C57166-F9CF-4FE3-8E16-079350BF4836}.Release|Mixed Platforms.Deploy.0 = Release|Win32
		{90C57166-F9CF-4FE3-8E16-079350BF4836}.Release|Win32.ActiveCfg = Release|Win32
		{90C57166-F9CF-4FE3-8E16-079350BF4836}.Release|Win32.Build.0 = Release|Win32
		{90C57166-F9CF-4FE3-8E16-079350BF4836}.Release|Win32.Deploy.0 = Release|Win32
		{90C57166-F9CF-4FE3-8E16-079350BF4836}.Release|x64.ActiveCfg = Release|x64
		{90C57166-F9CF-4FE3-8E16-079350BF4836}.Release|x64.Build.0 = Release|x64
		{90C57166-F9CF-4FE3-8E16-079350BF4836}.Release|x64.Deploy.0 = Release|x64
		{90C57166-F9CF-4FE3-8E16-079350BF4836}.Release|x86.ActiveCfg = Release|Win32
		{90C57166-F9CF-4FE3-8E16-079350BF4836}.Release|x86.Build.0 = Release|Win32
		{90C57166-F9CF-4FE3-8E16-079350BF4836}.Release|x86.Deploy.0 = Release|Win32
		{837E4B77-217A-41CE-BE97-67A7D24E95CA}.Debug|Any CPU.ActiveCfg = Debug|Win32
		{837E4B77-217A-41CE-BE97-67A7D24E95CA}.Debug|ARM.ActiveCfg = Debug|ARM
		{837E4B77-217A-41CE-BE97-67A7D24E95CA}.Debug|ARM.Build.0 = Debug|ARM
		{837E4B77-217A-41CE-BE97-67A7D24E95CA}.Debug|ARM.Deploy.0 = Debug|ARM
		{837E4B77-217A-41CE-BE97-67A7D24E95CA}.Debug|Mixed Platforms.ActiveCfg = Debug|Win32
		{837E4B77-217A-41CE-BE97-67A7D24E95CA}.Debug|Mixed Platforms.Build.0 = Debug|Win32
		{837E4B77-217A-41CE-BE97-67A7D24E95CA}.Debug|Mixed Platforms.Deploy.0 = Debug|Win32
		{837E4B77-217A-41CE-BE97-67A7D24E95CA}.Debug|Win32.ActiveCfg = Debug|Win32
		{837E4B77-217A-41CE-BE97-67A7D24E95CA}.Debug|Win32.Build.0 = Debug|Win32
		{837E4B77-217A-41CE-BE97-67A7D24E95CA}.Debug|Win32.Deploy.0 = Debug|Win32
		{837E4B77-217A-41CE-BE97-67A7D24E95CA}.Debug|x64.ActiveCfg = Debug|x64
		{837E4B77-217A-41CE-BE97-67A7D24E95CA}.Debug|x64.Build.0 = Debug|x64
		{837E4B77-217A-41CE-BE97-67A7D24E95CA}.Debug|x64.Deploy.0 = Debug|x64
		{837E4B77-217A-41CE-BE97-67A7D24E95CA}.Debug|x86.ActiveCfg = Debug|Win32
		{837E4B77-217A-41CE-BE97-67A7D24E95CA}.Debug|x86.Build.0 = Debug|Win32
		{837E4B77-217A-41CE-BE97-67A7D24E95CA}.Debug|x86.Deploy.0 = Debug|Win32
		{837E4B77-217A-41CE-BE97-67A7D24E95CA}.Release|Any CPU.ActiveCfg = Release|Win32
		{837E4B77-217A-41CE-BE97-67A7D24E95CA}.Release|ARM.ActiveCfg = Release|ARM
		{837E4B77-217A-41CE-BE97-67A7D24E95CA}.Release|ARM.Build.0 = Release|ARM
		{837E4B77-217A-41CE-BE97-67A7D24E95CA}.Release|ARM.Deploy.0 = Release|ARM
		{837E4B77-217A-41CE-BE97-67A7D24E95CA}.Release|Mixed Platforms.ActiveCfg = Release|Win32
		{837E4B77-217A-41CE-BE97-67A7D24E95CA}.Release|Mixed Platforms.Build.0 = Release|Win32
		{837E4B77-217A-41CE-BE97-67A7D24E95CA}.Release|Mixed Platforms.Deploy.0 = Release|Win32
		{837E4B77-217A-41CE-BE97-67A7D24E95CA}.Release|Win32.ActiveCfg = Release|Win32
		{837E4B77-217A-41CE-BE97-67A7D24E95CA}.Release|Win32.Build.0 = Release|Win32
		{837E4B77-217A-41CE-BE97-67A7D24E95CA}.Release|Win32.Deploy.0 = Release|Win32
		{837E4B77-217A-41CE-BE97-67A7D24E95CA}.Release|x64.ActiveCfg = Release|x64
		{837E4B77-217A-41CE-BE97-67A7D24E95CA}.Release|x64.Build.0 = Release|x64
		{837E4B77-217A-41CE-BE97-67A7D24E95CA}.Release|x64.Deploy.0 = Release|x64
		{837E4B77-217A-41CE-BE97-67A7D24E95CA}.Release|x86.ActiveCfg = Release|Win32
		{837E4B77-217A-41CE-BE97-67A7D24E95CA}.Release|x86.Build.0 = Release|Win32
		{837E4B77-217A-41CE-BE97-67A7D24E95CA}.Release|x86.Deploy.0 = Release|Win32
		{A0B8D01C-B0CA-47D1-A94F-DE3617CB5BC6}.Debug|Any CPU.ActiveCfg = Debug|Win32
		{A0B8D01C-B0CA-47D1-A94F-DE3617CB5BC6}.Debug|ARM.ActiveCfg = Debug|ARM
		{A0B8D01C-B0CA-47D1-A94F-DE3617CB5BC6}.Debug|ARM.Build.0 = Debug|ARM
		{A0B8D01C-B0CA-47D1-A94F-DE3617CB5BC6}.Debug|Mixed Platforms.ActiveCfg = Debug|Win32
		{A0B8D01C-B0CA-47D1-A94F-DE3617CB5BC6}.Debug|Mixed Platforms.Build.0 = Debug|Win32
		{A0B8D01C-B0CA-47D1-A94F-DE3617CB5BC6}.Debug|Win32.ActiveCfg = Debug|Win32
		{A0B8D01C-B0CA-47D1-A94F-DE3617CB5BC6}.Debug|Win32.Build.0 = Debug|Win32
		{A0B8D01C-B0CA-47D1-A94F-DE3617CB5BC6}.Debug|x64.ActiveCfg = Debug|x64
		{A0B8D01C-B0CA-47D1-A94F-DE3617CB5BC6}.Debug|x64.Build.0 = Debug|x64
		{A0B8D01C-B0CA-47D1-A94F-DE3617CB5BC6}.Debug|x86.ActiveCfg = Debug|Win32
		{A0B8D01C-B0CA-47D1-A94F-DE3617CB5BC6}.Debug|x86.Build.0 = Debug|Win32
		{A0B8D01C-B0CA-47D1-A94F-DE3617CB5BC6}.Release|Any CPU.ActiveCfg = Release|Win32
		{A0B8D01C-B0CA-47D1-A94F-DE3617CB5BC6}.Release|ARM.ActiveCfg = Release|ARM
		{A0B8D01C-B0CA-47D1-A94F-DE3617CB5BC6}.Release|ARM.Build.0 = Release|ARM
		{A0B8D01C-B0CA-47D1-A94F-DE3617CB5BC6}.Release|Mixed Platforms.ActiveCfg = Release|Win32
		{A0B8D01C-B0CA-47D1-A94F-DE3617CB5BC6}.Release|Mixed Platforms.Build.0 = Release|Win32
		{A0B8D01C-B0CA-47D1-A94F-DE3617CB5BC6}.Release|Win32.ActiveCfg = Release|Win32
		{A0B8D01C-B0CA-47D1-A94F-DE3617CB5BC6}.Release|Win32.Build.0 = Release|Win32
		{A0B8D01C-B0CA-47D1-A94F-DE3617CB5BC6}.Release|x64.ActiveCfg = Release|x64
		{A0B8D01C-B0CA-47D1-A94F-DE3617CB5BC6}.Release|x64.Build.0 = Release|x64
		{A0B8D01C-B0CA-47D1-A94F-DE3617CB5BC6}.Release|x86.ActiveCfg = Release|Win32
		{A0B8D01C-B0CA-47D1-A94F-DE3617CB5BC6}.Release|x86.Build.0 = Release|Win32
		{B6156FCB-0E77-4B7F-A2D4-F343161A0D8E}.Debug|Any CPU.ActiveCfg = Debug|Any CPU
		{B6156FCB-0E77-4B7F-A2D4-F343161A0D8E}.Debug|Any CPU.Build.0 = Debug|Any CPU
		{B6156FCB-0E77-4B7F-A2D4-F343161A0D8E}.Debug|ARM.ActiveCfg = Debug|ARM
		{B6156FCB-0E77-4B7F-A2D4-F343161A0D8E}.Debug|ARM.Build.0 = Debug|ARM
		{B6156FCB-0E77-4B7F-A2D4-F343161A0D8E}.Debug|Mixed Platforms.ActiveCfg = Debug|x86
		{B6156FCB-0E77-4B7F-A2D4-F343161A0D8E}.Debug|Mixed Platforms.Build.0 = Debug|x86
		{B6156FCB-0E77-4B7F-A2D4-F343161A0D8E}.Debug|Win32.ActiveCfg = Debug|x86
		{B6156FCB-0E77-4B7F-A2D4-F343161A0D8E}.Debug|Win32.Build.0 = Debug|x86
		{B6156FCB-0E77-4B7F-A2D4-F343161A0D8E}.Debug|x64.ActiveCfg = Debug|x64
		{B6156FCB-0E77-4B7F-A2D4-F343161A0D8E}.Debug|x64.Build.0 = Debug|x64
		{B6156FCB-0E77-4B7F-A2D4-F343161A0D8E}.Debug|x86.ActiveCfg = Debug|x86
		{B6156FCB-0E77-4B7F-A2D4-F343161A0D8E}.Debug|x86.Build.0 = Debug|x86
		{B6156FCB-0E77-4B7F-A2D4-F343161A0D8E}.Release|Any CPU.ActiveCfg = Release|Any CPU
		{B6156FCB-0E77-4B7F-A2D4-F343161A0D8E}.Release|Any CPU.Build.0 = Release|Any CPU
		{B6156FCB-0E77-4B7F-A2D4-F343161A0D8E}.Release|ARM.ActiveCfg = Release|ARM
		{B6156FCB-0E77-4B7F-A2D4-F343161A0D8E}.Release|ARM.Build.0 = Release|ARM
		{B6156FCB-0E77-4B7F-A2D4-F343161A0D8E}.Release|Mixed Platforms.ActiveCfg = Release|x86
		{B6156FCB-0E77-4B7F-A2D4-F343161A0D8E}.Release|Mixed Platforms.Build.0 = Release|x86
		{B6156FCB-0E77-4B7F-A2D4-F343161A0D8E}.Release|Win32.ActiveCfg = Release|x86
		{B6156FCB-0E77-4B7F-A2D4-F343161A0D8E}.Release|Win32.Build.0 = Release|x86
		{B6156FCB-0E77-4B7F-A2D4-F343161A0D8E}.Release|x64.ActiveCfg = Release|x64
		{B6156FCB-0E77-4B7F-A2D4-F343161A0D8E}.Release|x64.Build.0 = Release|x64
		{B6156FCB-0E77-4B7F-A2D4-F343161A0D8E}.Release|x86.ActiveCfg = Release|x86
		{B6156FCB-0E77-4B7F-A2D4-F343161A0D8E}.Release|x86.Build.0 = Release|x86
	EndGlobalSection
	GlobalSection(SolutionProperties) = preSolution
		HideSolutionNode = FALSE
	EndGlobalSection
EndGlobal
