
Microsoft Visual Studio Solution File, Format Version 12.00
# Visual Studio 2012
Project("{FAE04EC0-301F-11D3-BF4B-00C04F79EFBC}") = "UnitTestWinRTComp", "UnitTestWinRTComp\UnitTestWinRTComp.csproj", "{8CD748A2-6626-4407-B206-03C069CE43CB}"
EndProject
Project("{8BC9CEB8-8B4A-11D0-8D11-00A0C91BC942}") = "WinRTCompV2", "WinRTCompV2\WinRTCompV2.vcxproj", "{BAA8DE0A-9AC8-48D9-941D-A600A7FE1EC1}"
EndProject
Project("{8BC9CEB8-8B4A-11D0-8D11-00A0C91BC942}") = "WinRTCompV3", "WinRTCompV3\WinRTCompV3.vcxproj", "{85FFEEE3-4C69-4C81-A83D-461D48343E65}"
EndProject
Project("{8BC9CEB8-8B4A-11D0-8D11-00A0C91BC942}") = "UnitTestWinRTCompCpp", "UnitTestWinRTCompCpp\UnitTestWinRTCompCpp.vcxproj", "{B49F2CAC-5D8D-49B5-B5AD-69B59A0760EB}"
EndProject
Project("{8BC9CEB8-8B4A-11D0-8D11-00A0C91BC942}") = "WRLCompV1", "WRLCompV1\WRLCompV1.vcxproj", "{0D585932-FBC4-4B0A-90B5-CCF34AEFD4C6}"
EndProject
Global
	GlobalSection(SolutionConfigurationPlatforms) = preSolution
		Debug|Any CPU = Debug|Any CPU
		Debug|ARM = Debug|ARM
		Debug|Mixed Platforms = Debug|Mixed Platforms
		Debug|Win32 = Debug|Win32
		Debug|x64 = Debug|x64
		Debug|x86 = Debug|x86
		Release|Any CPU = Release|Any CPU
		Release|ARM = Release|ARM
		Release|Mixed Platforms = Release|Mixed Platforms
		Release|Win32 = Release|Win32
		Release|x64 = Release|x64
		Release|x86 = Release|x86
	EndGlobalSection
	GlobalSection(ProjectConfigurationPlatforms) = postSolution
		{8CD748A2-6626-4407-B206-03C069CE43CB}.Debug|Any CPU.ActiveCfg = Debug|x86
		{8CD748A2-6626-4407-B206-03C069CE43CB}.Debug|Any CPU.Build.0 = Debug|x86
		{8CD748A2-6626-4407-B206-03C069CE43CB}.Debug|ARM.ActiveCfg = Debug|ARM
		{8CD748A2-6626-4407-B206-03C069CE43CB}.Debug|ARM.Build.0 = Debug|ARM
		{8CD748A2-6626-4407-B206-03C069CE43CB}.Debug|ARM.Deploy.0 = Debug|ARM
		{8CD748A2-6626-4407-B206-03C069CE43CB}.Debug|Mixed Platforms.ActiveCfg = Debug|Any CPU
		{8CD748A2-6626-4407-B206-03C069CE43CB}.Debug|Mixed Platforms.Build.0 = Debug|Any CPU
		{8CD748A2-6626-4407-B206-03C069CE43CB}.Debug|Mixed Platforms.Deploy.0 = Debug|Any CPU
		{8CD748A2-6626-4407-B206-03C069CE43CB}.Debug|Win32.ActiveCfg = Debug|x86
		{8CD748A2-6626-4407-B206-03C069CE43CB}.Debug|Win32.Build.0 = Debug|x86
		{8CD748A2-6626-4407-B206-03C069CE43CB}.Debug|Win32.Deploy.0 = Debug|x86
		{8CD748A2-6626-4407-B206-03C069CE43CB}.Debug|x64.ActiveCfg = Debug|x64
		{8CD748A2-6626-4407-B206-03C069CE43CB}.Debug|x64.Build.0 = Debug|x64
		{8CD748A2-6626-4407-B206-03C069CE43CB}.Debug|x64.Deploy.0 = Debug|x64
		{8CD748A2-6626-4407-B206-03C069CE43CB}.Debug|x86.ActiveCfg = Debug|x86
		{8CD748A2-6626-4407-B206-03C069CE43CB}.Debug|x86.Build.0 = Debug|x86
		{8CD748A2-6626-4407-B206-03C069CE43CB}.Debug|x86.Deploy.0 = Debug|x86
		{8CD748A2-6626-4407-B206-03C069CE43CB}.Release|Any CPU.ActiveCfg = Release|Any CPU
		{8CD748A2-6626-4407-B206-03C069CE43CB}.Release|Any CPU.Build.0 = Release|Any CPU
		{8CD748A2-6626-4407-B206-03C069CE43CB}.Release|Any CPU.Deploy.0 = Release|Any CPU
		{8CD748A2-6626-4407-B206-03C069CE43CB}.Release|ARM.ActiveCfg = Release|ARM
		{8CD748A2-6626-4407-B206-03C069CE43CB}.Release|ARM.Build.0 = Release|ARM
		{8CD748A2-6626-4407-B206-03C069CE43CB}.Release|ARM.Deploy.0 = Release|ARM
		{8CD748A2-6626-4407-B206-03C069CE43CB}.Release|Mixed Platforms.ActiveCfg = Release|x86
		{8CD748A2-6626-4407-B206-03C069CE43CB}.Release|Mixed Platforms.Build.0 = Release|x86
		{8CD748A2-6626-4407-B206-03C069CE43CB}.Release|Mixed Platforms.Deploy.0 = Release|x86
		{8CD748A2-6626-4407-B206-03C069CE43CB}.Release|Win32.ActiveCfg = Release|x86
		{8CD748A2-6626-4407-B206-03C069CE43CB}.Release|Win32.Build.0 = Release|x86
		{8CD748A2-6626-4407-B206-03C069CE43CB}.Release|Win32.Deploy.0 = Release|x86
		{8CD748A2-6626-4407-B206-03C069CE43CB}.Release|x64.ActiveCfg = Release|x64
		{8CD748A2-6626-4407-B206-03C069CE43CB}.Release|x64.Build.0 = Release|x64
		{8CD748A2-6626-4407-B206-03C069CE43CB}.Release|x64.Deploy.0 = Release|x64
		{8CD748A2-6626-4407-B206-03C069CE43CB}.Release|x86.ActiveCfg = Release|x86
		{8CD748A2-6626-4407-B206-03C069CE43CB}.Release|x86.Build.0 = Release|x86
		{8CD748A2-6626-4407-B206-03C069CE43CB}.Release|x86.Deploy.0 = Release|x86
		{BAA8DE0A-9AC8-48D9-941D-A600A7FE1EC1}.Debug|Any CPU.ActiveCfg = Debug|Win32
		{BAA8DE0A-9AC8-48D9-941D-A600A7FE1EC1}.Debug|Any CPU.Build.0 = Debug|Win32
		{BAA8DE0A-9AC8-48D9-941D-A600A7FE1EC1}.Debug|ARM.ActiveCfg = Debug|ARM
		{BAA8DE0A-9AC8-48D9-941D-A600A7FE1EC1}.Debug|ARM.Build.0 = Debug|ARM
		{BAA8DE0A-9AC8-48D9-941D-A600A7FE1EC1}.Debug|Mixed Platforms.ActiveCfg = Debug|Win32
		{BAA8DE0A-9AC8-48D9-941D-A600A7FE1EC1}.Debug|Mixed Platforms.Build.0 = Debug|Win32
		{BAA8DE0A-9AC8-48D9-941D-A600A7FE1EC1}.Debug|Win32.ActiveCfg = Debug|Win32
		{BAA8DE0A-9AC8-48D9-941D-A600A7FE1EC1}.Debug|Win32.Build.0 = Debug|Win32
		{BAA8DE0A-9AC8-48D9-941D-A600A7FE1EC1}.Debug|x64.ActiveCfg = Debug|x64
		{BAA8DE0A-9AC8-48D9-941D-A600A7FE1EC1}.Debug|x64.Build.0 = Debug|x64
		{BAA8DE0A-9AC8-48D9-941D-A600A7FE1EC1}.Debug|x86.ActiveCfg = Debug|Win32
		{BAA8DE0A-9AC8-48D9-941D-A600A7FE1EC1}.Debug|x86.Build.0 = Debug|Win32
		{BAA8DE0A-9AC8-48D9-941D-A600A7FE1EC1}.Release|Any CPU.ActiveCfg = Release|Win32
		{BAA8DE0A-9AC8-48D9-941D-A600A7FE1EC1}.Release|ARM.ActiveCfg = Release|ARM
		{BAA8DE0A-9AC8-48D9-941D-A600A7FE1EC1}.Release|ARM.Build.0 = Release|ARM
		{BAA8DE0A-9AC8-48D9-941D-A600A7FE1EC1}.Release|Mixed Platforms.ActiveCfg = Release|Win32
		{BAA8DE0A-9AC8-48D9-941D-A600A7FE1EC1}.Release|Mixed Platforms.Build.0 = Release|Win32
		{BAA8DE0A-9AC8-48D9-941D-A600A7FE1EC1}.Release|Win32.ActiveCfg = Release|Win32
		{BAA8DE0A-9AC8-48D9-941D-A600A7FE1EC1}.Release|Win32.Build.0 = Release|Win32
		{BAA8DE0A-9AC8-48D9-941D-A600A7FE1EC1}.Release|x64.ActiveCfg = Release|x64
		{BAA8DE0A-9AC8-48D9-941D-A600A7FE1EC1}.Release|x64.Build.0 = Release|x64
		{BAA8DE0A-9AC8-48D9-941D-A600A7FE1EC1}.Release|x86.ActiveCfg = Release|Win32
		{BAA8DE0A-9AC8-48D9-941D-A600A7FE1EC1}.Release|x86.Build.0 = Release|Win32
		{85FFEEE3-4C69-4C81-A83D-461D48343E65}.Debug|Any CPU.ActiveCfg = Debug|Win32
		{85FFEEE3-4C69-4C81-A83D-461D48343E65}.Debug|Any CPU.Build.0 = Debug|Win32
		{85FFEEE3-4C69-4C81-A83D-461D48343E65}.Debug|ARM.ActiveCfg = Debug|ARM
		{85FFEEE3-4C69-4C81-A83D-461D48343E65}.Debug|ARM.Build.0 = Debug|ARM
		{85FFEEE3-4C69-4C81-A83D-461D48343E65}.Debug|Mixed Platforms.ActiveCfg = Debug|Win32
		{85FFEEE3-4C69-4C81-A83D-461D48343E65}.Debug|Mixed Platforms.Build.0 = Debug|Win32
		{85FFEEE3-4C69-4C81-A83D-461D48343E65}.Debug|Win32.ActiveCfg = Debug|Win32
		{85FFEEE3-4C69-4C81-A83D-461D48343E65}.Debug|Win32.Build.0 = Debug|Win32
		{85FFEEE3-4C69-4C81-A83D-461D48343E65}.Debug|x64.ActiveCfg = Debug|x64
		{85FFEEE3-4C69-4C81-A83D-461D48343E65}.Debug|x64.Build.0 = Debug|x64
		{85FFEEE3-4C69-4C81-A83D-461D48343E65}.Debug|x86.ActiveCfg = Debug|Win32
		{85FFEEE3-4C69-4C81-A83D-461D48343E65}.Debug|x86.Build.0 = Debug|Win32
		{85FFEEE3-4C69-4C81-A83D-461D48343E65}.Release|Any CPU.ActiveCfg = Release|Win32
		{85FFEEE3-4C69-4C81-A83D-461D48343E65}.Release|ARM.ActiveCfg = Release|ARM
		{85FFEEE3-4C69-4C81-A83D-461D48343E65}.Release|ARM.Build.0 = Release|ARM
		{85FFEEE3-4C69-4C81-A83D-461D48343E65}.Release|Mixed Platforms.ActiveCfg = Release|Win32
		{85FFEEE3-4C69-4C81-A83D-461D48343E65}.Release|Mixed Platforms.Build.0 = Release|Win32
		{85FFEEE3-4C69-4C81-A83D-461D48343E65}.Release|Win32.ActiveCfg = Release|Win32
		{85FFEEE3-4C69-4C81-A83D-461D48343E65}.Release|Win32.Build.0 = Release|Win32
		{85FFEEE3-4C69-4C81-A83D-461D48343E65}.Release|x64.ActiveCfg = Release|x64
		{85FFEEE3-4C69-4C81-A83D-461D48343E65}.Release|x64.Build.0 = Release|x64
		{85FFEEE3-4C69-4C81-A83D-461D48343E65}.Release|x86.ActiveCfg = Release|Win32
		{85FFEEE3-4C69-4C81-A83D-461D48343E65}.Release|x86.Build.0 = Release|Win32
		{B49F2CAC-5D8D-49B5-B5AD-69B59A0760EB}.Debug|Any CPU.ActiveCfg = Debug|Win32
		{B49F2CAC-5D8D-49B5-B5AD-69B59A0760EB}.Debug|Any CPU.Build.0 = Debug|Win32
		{B49F2CAC-5D8D-49B5-B5AD-69B59A0760EB}.Debug|ARM.ActiveCfg = Debug|ARM
		{B49F2CAC-5D8D-49B5-B5AD-69B59A0760EB}.Debug|ARM.Build.0 = Debug|ARM
		{B49F2CAC-5D8D-49B5-B5AD-69B59A0760EB}.Debug|ARM.Deploy.0 = Debug|ARM
		{B49F2CAC-5D8D-49B5-B5AD-69B59A0760EB}.Debug|Mixed Platforms.ActiveCfg = Debug|Win32
		{B49F2CAC-5D8D-49B5-B5AD-69B59A0760EB}.Debug|Mixed Platforms.Build.0 = Debug|Win32
		{B49F2CAC-5D8D-49B5-B5AD-69B59A0760EB}.Debug|Mixed Platforms.Deploy.0 = Debug|Win32
		{B49F2CAC-5D8D-49B5-B5AD-69B59A0760EB}.Debug|Win32.ActiveCfg = Debug|Win32
		{B49F2CAC-5D8D-49B5-B5AD-69B59A0760EB}.Debug|Win32.Build.0 = Debug|Win32
		{B49F2CAC-5D8D-49B5-B5AD-69B59A0760EB}.Debug|Win32.Deploy.0 = Debug|Win32
		{B49F2CAC-5D8D-49B5-B5AD-69B59A0760EB}.Debug|x64.ActiveCfg = Debug|x64
		{B49F2CAC-5D8D-49B5-B5AD-69B59A0760EB}.Debug|x64.Build.0 = Debug|x64
		{B49F2CAC-5D8D-49B5-B5AD-69B59A0760EB}.Debug|x64.Deploy.0 = Debug|x64
		{B49F2CAC-5D8D-49B5-B5AD-69B59A0760EB}.Debug|x86.ActiveCfg = Debug|Win32
		{B49F2CAC-5D8D-49B5-B5AD-69B59A0760EB}.Debug|x86.Build.0 = Debug|Win32
		{B49F2CAC-5D8D-49B5-B5AD-69B59A0760EB}.Debug|x86.Deploy.0 = Debug|Win32
		{B49F2CAC-5D8D-49B5-B5AD-69B59A0760EB}.Release|Any CPU.ActiveCfg = Release|Win32
		{B49F2CAC-5D8D-49B5-B5AD-69B59A0760EB}.Release|ARM.ActiveCfg = Release|ARM
		{B49F2CAC-5D8D-49B5-B5AD-69B59A0760EB}.Release|ARM.Build.0 = Release|ARM
		{B49F2CAC-5D8D-49B5-B5AD-69B59A0760EB}.Release|ARM.Deploy.0 = Release|ARM
		{B49F2CAC-5D8D-49B5-B5AD-69B59A0760EB}.Release|Mixed Platforms.ActiveCfg = Release|Win32
		{B49F2CAC-5D8D-49B5-B5AD-69B59A0760EB}.Release|Mixed Platforms.Build.0 = Release|Win32
		{B49F2CAC-5D8D-49B5-B5AD-69B59A0760EB}.Release|Mixed Platforms.Deploy.0 = Release|Win32
		{B49F2CAC-5D8D-49B5-B5AD-69B59A0760EB}.Release|Win32.ActiveCfg = Release|Win32
		{B49F2CAC-5D8D-49B5-B5AD-69B59A0760EB}.Release|Win32.Build.0 = Release|Win32
		{B49F2CAC-5D8D-49B5-B5AD-69B59A0760EB}.Release|Win32.Deploy.0 = Release|Win32
		{B49F2CAC-5D8D-49B5-B5AD-69B59A0760EB}.Release|x64.ActiveCfg = Release|x64
		{B49F2CAC-5D8D-49B5-B5AD-69B59A0760EB}.Release|x64.Build.0 = Release|x64
		{B49F2CAC-5D8D-49B5-B5AD-69B59A0760EB}.Release|x64.Deploy.0 = Release|x64
		{B49F2CAC-5D8D-49B5-B5AD-69B59A0760EB}.Release|x86.ActiveCfg = Release|Win32
		{B49F2CAC-5D8D-49B5-B5AD-69B59A0760EB}.Release|x86.Build.0 = Release|Win32
		{B49F2CAC-5D8D-49B5-B5AD-69B59A0760EB}.Release|x86.Deploy.0 = Release|Win32
		{0D585932-FBC4-4B0A-90B5-CCF34AEFD4C6}.Debug|Any CPU.ActiveCfg = Debug|Win32
		{0D585932-FBC4-4B0A-90B5-CCF34AEFD4C6}.Debug|Any CPU.Build.0 = Debug|Win32
		{0D585932-FBC4-4B0A-90B5-CCF34AEFD4C6}.Debug|ARM.ActiveCfg = Debug|ARM
		{0D585932-FBC4-4B0A-90B5-CCF34AEFD4C6}.Debug|ARM.Build.0 = Debug|ARM
		{0D585932-FBC4-4B0A-90B5-CCF34AEFD4C6}.Debug|Mixed Platforms.ActiveCfg = Debug|Win32
		{0D585932-FBC4-4B0A-90B5-CCF34AEFD4C6}.Debug|Mixed Platforms.Build.0 = Debug|Win32
		{0D585932-FBC4-4B0A-90B5-CCF34AEFD4C6}.Debug|Win32.ActiveCfg = Debug|Win32
		{0D585932-FBC4-4B0A-90B5-CCF34AEFD4C6}.Debug|Win32.Build.0 = Debug|Win32
		{0D585932-FBC4-4B0A-90B5-CCF34AEFD4C6}.Debug|x64.ActiveCfg = Debug|x64
		{0D585932-FBC4-4B0A-90B5-CCF34AEFD4C6}.Debug|x64.Build.0 = Debug|x64
		{0D585932-FBC4-4B0A-90B5-CCF34AEFD4C6}.Debug|x86.ActiveCfg = Debug|Win32
		{0D585932-FBC4-4B0A-90B5-CCF34AEFD4C6}.Debug|x86.Build.0 = Debug|Win32
		{0D585932-FBC4-4B0A-90B5-CCF34AEFD4C6}.Release|Any CPU.ActiveCfg = Release|Win32
		{0D585932-FBC4-4B0A-90B5-CCF34AEFD4C6}.Release|ARM.ActiveCfg = Release|ARM
		{0D585932-FBC4-4B0A-90B5-CCF34AEFD4C6}.Release|ARM.Build.0 = Release|ARM
		{0D585932-FBC4-4B0A-90B5-CCF34AEFD4C6}.Release|Mixed Platforms.ActiveCfg = Release|Win32
		{0D585932-FBC4-4B0A-90B5-CCF34AEFD4C6}.Release|Mixed Platforms.Build.0 = Release|Win32
		{0D585932-FBC4-4B0A-90B5-CCF34AEFD4C6}.Release|Win32.ActiveCfg = Release|Win32
		{0D585932-FBC4-4B0A-90B5-CCF34AEFD4C6}.Release|Win32.Build.0 = Release|Win32
		{0D585932-FBC4-4B0A-90B5-CCF34AEFD4C6}.Release|x64.ActiveCfg = Release|x64
		{0D585932-FBC4-4B0A-90B5-CCF34AEFD4C6}.Release|x64.Build.0 = Release|x64
		{0D585932-FBC4-4B0A-90B5-CCF34AEFD4C6}.Release|x86.ActiveCfg = Release|Win32
		{0D585932-FBC4-4B0A-90B5-CCF34AEFD4C6}.Release|x86.Build.0 = Release|Win32
	EndGlobalSection
	GlobalSection(SolutionProperties) = preSolution
		HideSolutionNode = FALSE
	EndGlobalSection
EndGlobal
